// !$*UTF8*$!
{
	archiveVersion = 1;
	classes = {
	};
	objectVersion = 56;
	objects = {

/* Begin PBXBuildFile section */
		6E1F97412AD71E260045E479 /* StoicQuotesApp.swift in Sources */ = {isa = PBXBuildFile; fileRef = 6E1F97402AD71E260045E479 /* StoicQuotesApp.swift */; };
		6E1F97432AD71E260045E479 /* QuoteFeed.swift in Sources */ = {isa = PBXBuildFile; fileRef = 6E1F97422AD71E260045E479 /* QuoteFeed.swift */; };
		6E1F97452AD71E2A0045E479 /* Assets.xcassets in Resources */ = {isa = PBXBuildFile; fileRef = 6E1F97442AD71E2A0045E479 /* Assets.xcassets */; };
		6E1F97482AD71E2A0045E479 /* Preview Assets.xcassets in Resources */ = {isa = PBXBuildFile; fileRef = 6E1F97472AD71E2A0045E479 /* Preview Assets.xcassets */; };
		6E1F97522AD71E2B0045E479 /* StoicQuotesTests.swift in Sources */ = {isa = PBXBuildFile; fileRef = 6E1F97512AD71E2B0045E479 /* StoicQuotesTests.swift */; };
		6E1F975C2AD71E2B0045E479 /* StoicQuotesUITests.swift in Sources */ = {isa = PBXBuildFile; fileRef = 6E1F975B2AD71E2B0045E479 /* StoicQuotesUITests.swift */; };
		6E1F975E2AD71E2B0045E479 /* StoicQuotesUITestsLaunchTests.swift in Sources */ = {isa = PBXBuildFile; fileRef = 6E1F975D2AD71E2B0045E479 /* StoicQuotesUITestsLaunchTests.swift */; };
		6E1F976B2AD727E70045E479 /* SettingsView.swift in Sources */ = {isa = PBXBuildFile; fileRef = 6E1F976A2AD727E70045E479 /* SettingsView.swift */; };
		6E3C1DC72B4DCFE60096DF5A /* SwipeToFetchView.swift in Sources */ = {isa = PBXBuildFile; fileRef = 6E3C1DC62B4DCFE60096DF5A /* SwipeToFetchView.swift */; };
		6E50E92F2AD955E20099CFB6 /* QuoteFeedViewModel.swift in Sources */ = {isa = PBXBuildFile; fileRef = 6E50E92E2AD955E20099CFB6 /* QuoteFeedViewModel.swift */; };
		6E50E9332AD95CC90099CFB6 /* Quote.swift in Sources */ = {isa = PBXBuildFile; fileRef = 6E50E9322AD95CC90099CFB6 /* Quote.swift */; };
		6E50E9352AD971730099CFB6 /* NetworkError.swift in Sources */ = {isa = PBXBuildFile; fileRef = 6E50E9342AD971730099CFB6 /* NetworkError.swift */; };
		6E52AE862ADAE338009ECC32 /* Alert.swift in Sources */ = {isa = PBXBuildFile; fileRef = 6E52AE852ADAE338009ECC32 /* Alert.swift */; };
		6E8C01942AE6E357003DCFD9 /* LoadingView.swift in Sources */ = {isa = PBXBuildFile; fileRef = 6E8C01932AE6E357003DCFD9 /* LoadingView.swift */; };
		6EC9DE362ADEF2C20087A557 /* FavoriteQuotesView.swift in Sources */ = {isa = PBXBuildFile; fileRef = 6EC9DE352ADEF2C20087A557 /* FavoriteQuotesView.swift */; };
		6EC9DE382ADEFA8D0087A557 /* UserDataStorage.swift in Sources */ = {isa = PBXBuildFile; fileRef = 6EC9DE372ADEFA8D0087A557 /* UserDataStorage.swift */; };
		6EE503702B03ED1500FCBD8A /* codeDump.swift in Sources */ = {isa = PBXBuildFile; fileRef = 6EE5036F2B03ED1500FCBD8A /* codeDump.swift */; };
		6EF4589F2B3F22FB00BA10B6 /* LocalNotificationManager.swift in Sources */ = {isa = PBXBuildFile; fileRef = 6EF4589E2B3F22FB00BA10B6 /* LocalNotificationManager.swift */; };
		6EF458A12B3F236800BA10B6 /* LocalNotification.swift in Sources */ = {isa = PBXBuildFile; fileRef = 6EF458A02B3F236800BA10B6 /* LocalNotification.swift */; };
/* End PBXBuildFile section */

/* Begin PBXContainerItemProxy section */
		6E1F974E2AD71E2B0045E479 /* PBXContainerItemProxy */ = {
			isa = PBXContainerItemProxy;
			containerPortal = 6E1F97352AD71E260045E479 /* Project object */;
			proxyType = 1;
			remoteGlobalIDString = 6E1F973C2AD71E260045E479;
			remoteInfo = StoicQuotes;
		};
		6E1F97582AD71E2B0045E479 /* PBXContainerItemProxy */ = {
			isa = PBXContainerItemProxy;
			containerPortal = 6E1F97352AD71E260045E479 /* Project object */;
			proxyType = 1;
			remoteGlobalIDString = 6E1F973C2AD71E260045E479;
			remoteInfo = StoicQuotes;
		};
/* End PBXContainerItemProxy section */

/* Begin PBXFileReference section */
		6E1F973D2AD71E260045E479 /* StoicQuotes.app */ = {isa = PBXFileReference; explicitFileType = wrapper.application; includeInIndex = 0; path = StoicQuotes.app; sourceTree = BUILT_PRODUCTS_DIR; };
		6E1F97402AD71E260045E479 /* StoicQuotesApp.swift */ = {isa = PBXFileReference; lastKnownFileType = sourcecode.swift; path = StoicQuotesApp.swift; sourceTree = "<group>"; };
		6E1F97422AD71E260045E479 /* QuoteFeed.swift */ = {isa = PBXFileReference; lastKnownFileType = sourcecode.swift; path = QuoteFeed.swift; sourceTree = "<group>"; };
		6E1F97442AD71E2A0045E479 /* Assets.xcassets */ = {isa = PBXFileReference; lastKnownFileType = folder.assetcatalog; path = Assets.xcassets; sourceTree = "<group>"; };
		6E1F97472AD71E2A0045E479 /* Preview Assets.xcassets */ = {isa = PBXFileReference; lastKnownFileType = folder.assetcatalog; path = "Preview Assets.xcassets"; sourceTree = "<group>"; };
		6E1F974D2AD71E2B0045E479 /* StoicQuotesTests.xctest */ = {isa = PBXFileReference; explicitFileType = wrapper.cfbundle; includeInIndex = 0; path = StoicQuotesTests.xctest; sourceTree = BUILT_PRODUCTS_DIR; };
		6E1F97512AD71E2B0045E479 /* StoicQuotesTests.swift */ = {isa = PBXFileReference; lastKnownFileType = sourcecode.swift; path = StoicQuotesTests.swift; sourceTree = "<group>"; };
		6E1F97572AD71E2B0045E479 /* StoicQuotesUITests.xctest */ = {isa = PBXFileReference; explicitFileType = wrapper.cfbundle; includeInIndex = 0; path = StoicQuotesUITests.xctest; sourceTree = BUILT_PRODUCTS_DIR; };
		6E1F975B2AD71E2B0045E479 /* StoicQuotesUITests.swift */ = {isa = PBXFileReference; lastKnownFileType = sourcecode.swift; path = StoicQuotesUITests.swift; sourceTree = "<group>"; };
		6E1F975D2AD71E2B0045E479 /* StoicQuotesUITestsLaunchTests.swift */ = {isa = PBXFileReference; lastKnownFileType = sourcecode.swift; path = StoicQuotesUITestsLaunchTests.swift; sourceTree = "<group>"; };
		6E1F976A2AD727E70045E479 /* SettingsView.swift */ = {isa = PBXFileReference; lastKnownFileType = sourcecode.swift; path = SettingsView.swift; sourceTree = "<group>"; };
		6E3C1DC62B4DCFE60096DF5A /* SwipeToFetchView.swift */ = {isa = PBXFileReference; lastKnownFileType = sourcecode.swift; path = SwipeToFetchView.swift; sourceTree = "<group>"; };
		6E50E92E2AD955E20099CFB6 /* QuoteFeedViewModel.swift */ = {isa = PBXFileReference; lastKnownFileType = sourcecode.swift; path = QuoteFeedViewModel.swift; sourceTree = "<group>"; };
		6E50E9322AD95CC90099CFB6 /* Quote.swift */ = {isa = PBXFileReference; lastKnownFileType = sourcecode.swift; path = Quote.swift; sourceTree = "<group>"; };
		6E50E9342AD971730099CFB6 /* NetworkError.swift */ = {isa = PBXFileReference; lastKnownFileType = sourcecode.swift; path = NetworkError.swift; sourceTree = "<group>"; };
		6E52AE852ADAE338009ECC32 /* Alert.swift */ = {isa = PBXFileReference; lastKnownFileType = sourcecode.swift; path = Alert.swift; sourceTree = "<group>"; };
		6E8C01932AE6E357003DCFD9 /* LoadingView.swift */ = {isa = PBXFileReference; lastKnownFileType = sourcecode.swift; path = LoadingView.swift; sourceTree = "<group>"; };
		6EA6398F2B599BBD00F59196 /* Info.plist */ = {isa = PBXFileReference; lastKnownFileType = text.plist; path = Info.plist; sourceTree = "<group>"; };
		6EC9DE352ADEF2C20087A557 /* FavoriteQuotesView.swift */ = {isa = PBXFileReference; lastKnownFileType = sourcecode.swift; path = FavoriteQuotesView.swift; sourceTree = "<group>"; };
		6EC9DE372ADEFA8D0087A557 /* UserDataStorage.swift */ = {isa = PBXFileReference; lastKnownFileType = sourcecode.swift; path = UserDataStorage.swift; sourceTree = "<group>"; };
		6EE5036F2B03ED1500FCBD8A /* codeDump.swift */ = {isa = PBXFileReference; lastKnownFileType = sourcecode.swift; path = codeDump.swift; sourceTree = "<group>"; };
		6EF4589E2B3F22FB00BA10B6 /* LocalNotificationManager.swift */ = {isa = PBXFileReference; lastKnownFileType = sourcecode.swift; path = LocalNotificationManager.swift; sourceTree = "<group>"; };
		6EF458A02B3F236800BA10B6 /* LocalNotification.swift */ = {isa = PBXFileReference; lastKnownFileType = sourcecode.swift; path = LocalNotification.swift; sourceTree = "<group>"; };
/* End PBXFileReference section */

/* Begin PBXFrameworksBuildPhase section */
		6E1F973A2AD71E260045E479 /* Frameworks */ = {
			isa = PBXFrameworksBuildPhase;
			buildActionMask = 2147483647;
			files = (
			);
			runOnlyForDeploymentPostprocessing = 0;
		};
		6E1F974A2AD71E2B0045E479 /* Frameworks */ = {
			isa = PBXFrameworksBuildPhase;
			buildActionMask = 2147483647;
			files = (
			);
			runOnlyForDeploymentPostprocessing = 0;
		};
		6E1F97542AD71E2B0045E479 /* Frameworks */ = {
			isa = PBXFrameworksBuildPhase;
			buildActionMask = 2147483647;
			files = (
			);
			runOnlyForDeploymentPostprocessing = 0;
		};
/* End PBXFrameworksBuildPhase section */

/* Begin PBXGroup section */
		6E1F97342AD71E260045E479 = {
			isa = PBXGroup;
			children = (
				6E1F973F2AD71E260045E479 /* StoicQuotes */,
				6E1F97502AD71E2B0045E479 /* StoicQuotesTests */,
				6E1F975A2AD71E2B0045E479 /* StoicQuotesUITests */,
				6E1F973E2AD71E260045E479 /* Products */,
			);
			sourceTree = "<group>";
		};
		6E1F973E2AD71E260045E479 /* Products */ = {
			isa = PBXGroup;
			children = (
				6E1F973D2AD71E260045E479 /* StoicQuotes.app */,
				6E1F974D2AD71E2B0045E479 /* StoicQuotesTests.xctest */,
				6E1F97572AD71E2B0045E479 /* StoicQuotesUITests.xctest */,
			);
			name = Products;
			sourceTree = "<group>";
		};
		6E1F973F2AD71E260045E479 /* StoicQuotes */ = {
			isa = PBXGroup;
			children = (
				6EA6398F2B599BBD00F59196 /* Info.plist */,
				6E1F97402AD71E260045E479 /* StoicQuotesApp.swift */,
				6EF4589E2B3F22FB00BA10B6 /* LocalNotificationManager.swift */,
				6E50E9322AD95CC90099CFB6 /* Quote.swift */,
				6E50E9342AD971730099CFB6 /* NetworkError.swift */,
				6EF458A02B3F236800BA10B6 /* LocalNotification.swift */,
				6E52AE852ADAE338009ECC32 /* Alert.swift */,
				6EC9DE352ADEF2C20087A557 /* FavoriteQuotesView.swift */,
				6EC9DE372ADEFA8D0087A557 /* UserDataStorage.swift */,
				6E1F97422AD71E260045E479 /* QuoteFeed.swift */,
				6E3C1DC62B4DCFE60096DF5A /* SwipeToFetchView.swift */,
				6E8C01932AE6E357003DCFD9 /* LoadingView.swift */,
				6E50E92E2AD955E20099CFB6 /* QuoteFeedViewModel.swift */,
				6E1F976A2AD727E70045E479 /* SettingsView.swift */,
				6EE5036F2B03ED1500FCBD8A /* codeDump.swift */,
				6E1F97442AD71E2A0045E479 /* Assets.xcassets */,
				6E1F97462AD71E2A0045E479 /* Preview Content */,
			);
			path = StoicQuotes;
			sourceTree = "<group>";
		};
		6E1F97462AD71E2A0045E479 /* Preview Content */ = {
			isa = PBXGroup;
			children = (
				6E1F97472AD71E2A0045E479 /* Preview Assets.xcassets */,
			);
			path = "Preview Content";
			sourceTree = "<group>";
		};
		6E1F97502AD71E2B0045E479 /* StoicQuotesTests */ = {
			isa = PBXGroup;
			children = (
				6E1F97512AD71E2B0045E479 /* StoicQuotesTests.swift */,
			);
			path = StoicQuotesTests;
			sourceTree = "<group>";
		};
		6E1F975A2AD71E2B0045E479 /* StoicQuotesUITests */ = {
			isa = PBXGroup;
			children = (
				6E1F975B2AD71E2B0045E479 /* StoicQuotesUITests.swift */,
				6E1F975D2AD71E2B0045E479 /* StoicQuotesUITestsLaunchTests.swift */,
			);
			path = StoicQuotesUITests;
			sourceTree = "<group>";
		};
/* End PBXGroup section */

/* Begin PBXNativeTarget section */
		6E1F973C2AD71E260045E479 /* StoicQuotes */ = {
			isa = PBXNativeTarget;
			buildConfigurationList = 6E1F97612AD71E2B0045E479 /* Build configuration list for PBXNativeTarget "StoicQuotes" */;
			buildPhases = (
				6E1F97392AD71E260045E479 /* Sources */,
				6E1F973A2AD71E260045E479 /* Frameworks */,
				6E1F973B2AD71E260045E479 /* Resources */,
			);
			buildRules = (
			);
			dependencies = (
			);
			name = StoicQuotes;
			productName = StoicQuotes;
			productReference = 6E1F973D2AD71E260045E479 /* StoicQuotes.app */;
			productType = "com.apple.product-type.application";
		};
		6E1F974C2AD71E2B0045E479 /* StoicQuotesTests */ = {
			isa = PBXNativeTarget;
			buildConfigurationList = 6E1F97642AD71E2B0045E479 /* Build configuration list for PBXNativeTarget "StoicQuotesTests" */;
			buildPhases = (
				6E1F97492AD71E2B0045E479 /* Sources */,
				6E1F974A2AD71E2B0045E479 /* Frameworks */,
				6E1F974B2AD71E2B0045E479 /* Resources */,
			);
			buildRules = (
			);
			dependencies = (
				6E1F974F2AD71E2B0045E479 /* PBXTargetDependency */,
			);
			name = StoicQuotesTests;
			productName = StoicQuotesTests;
			productReference = 6E1F974D2AD71E2B0045E479 /* StoicQuotesTests.xctest */;
			productType = "com.apple.product-type.bundle.unit-test";
		};
		6E1F97562AD71E2B0045E479 /* StoicQuotesUITests */ = {
			isa = PBXNativeTarget;
			buildConfigurationList = 6E1F97672AD71E2B0045E479 /* Build configuration list for PBXNativeTarget "StoicQuotesUITests" */;
			buildPhases = (
				6E1F97532AD71E2B0045E479 /* Sources */,
				6E1F97542AD71E2B0045E479 /* Frameworks */,
				6E1F97552AD71E2B0045E479 /* Resources */,
			);
			buildRules = (
			);
			dependencies = (
				6E1F97592AD71E2B0045E479 /* PBXTargetDependency */,
			);
			name = StoicQuotesUITests;
			productName = StoicQuotesUITests;
			productReference = 6E1F97572AD71E2B0045E479 /* StoicQuotesUITests.xctest */;
			productType = "com.apple.product-type.bundle.ui-testing";
		};
/* End PBXNativeTarget section */

/* Begin PBXProject section */
		6E1F97352AD71E260045E479 /* Project object */ = {
			isa = PBXProject;
			attributes = {
				BuildIndependentTargetsInParallel = 1;
				LastSwiftUpdateCheck = 1500;
				LastUpgradeCheck = 1500;
				TargetAttributes = {
					6E1F973C2AD71E260045E479 = {
						CreatedOnToolsVersion = 15.0;
					};
					6E1F974C2AD71E2B0045E479 = {
						CreatedOnToolsVersion = 15.0;
						TestTargetID = 6E1F973C2AD71E260045E479;
					};
					6E1F97562AD71E2B0045E479 = {
						CreatedOnToolsVersion = 15.0;
						TestTargetID = 6E1F973C2AD71E260045E479;
					};
				};
			};
			buildConfigurationList = 6E1F97382AD71E260045E479 /* Build configuration list for PBXProject "StoicQuotes" */;
			compatibilityVersion = "Xcode 14.0";
			developmentRegion = en;
			hasScannedForEncodings = 0;
			knownRegions = (
				en,
				Base,
			);
			mainGroup = 6E1F97342AD71E260045E479;
			productRefGroup = 6E1F973E2AD71E260045E479 /* Products */;
			projectDirPath = "";
			projectRoot = "";
			targets = (
				6E1F973C2AD71E260045E479 /* StoicQuotes */,
				6E1F974C2AD71E2B0045E479 /* StoicQuotesTests */,
				6E1F97562AD71E2B0045E479 /* StoicQuotesUITests */,
			);
		};
/* End PBXProject section */

/* Begin PBXResourcesBuildPhase section */
		6E1F973B2AD71E260045E479 /* Resources */ = {
			isa = PBXResourcesBuildPhase;
			buildActionMask = 2147483647;
			files = (
				6E1F97482AD71E2A0045E479 /* Preview Assets.xcassets in Resources */,
				6E1F97452AD71E2A0045E479 /* Assets.xcassets in Resources */,
			);
			runOnlyForDeploymentPostprocessing = 0;
		};
		6E1F974B2AD71E2B0045E479 /* Resources */ = {
			isa = PBXResourcesBuildPhase;
			buildActionMask = 2147483647;
			files = (
			);
			runOnlyForDeploymentPostprocessing = 0;
		};
		6E1F97552AD71E2B0045E479 /* Resources */ = {
			isa = PBXResourcesBuildPhase;
			buildActionMask = 2147483647;
			files = (
			);
			runOnlyForDeploymentPostprocessing = 0;
		};
/* End PBXResourcesBuildPhase section */

/* Begin PBXSourcesBuildPhase section */
		6E1F97392AD71E260045E479 /* Sources */ = {
			isa = PBXSourcesBuildPhase;
			buildActionMask = 2147483647;
			files = (
				6E1F976B2AD727E70045E479 /* SettingsView.swift in Sources */,
				6EF458A12B3F236800BA10B6 /* LocalNotification.swift in Sources */,
				6E50E9352AD971730099CFB6 /* NetworkError.swift in Sources */,
				6E50E92F2AD955E20099CFB6 /* QuoteFeedViewModel.swift in Sources */,
				6E8C01942AE6E357003DCFD9 /* LoadingView.swift in Sources */,
				6EE503702B03ED1500FCBD8A /* codeDump.swift in Sources */,
				6E1F97432AD71E260045E479 /* QuoteFeed.swift in Sources */,
				6EF4589F2B3F22FB00BA10B6 /* LocalNotificationManager.swift in Sources */,
				6EC9DE362ADEF2C20087A557 /* FavoriteQuotesView.swift in Sources */,
				6E3C1DC72B4DCFE60096DF5A /* SwipeToFetchView.swift in Sources */,
				6E50E9332AD95CC90099CFB6 /* Quote.swift in Sources */,
				6E52AE862ADAE338009ECC32 /* Alert.swift in Sources */,
				6EC9DE382ADEFA8D0087A557 /* UserDataStorage.swift in Sources */,
				6E1F97412AD71E260045E479 /* StoicQuotesApp.swift in Sources */,
			);
			runOnlyForDeploymentPostprocessing = 0;
		};
		6E1F97492AD71E2B0045E479 /* Sources */ = {
			isa = PBXSourcesBuildPhase;
			buildActionMask = 2147483647;
			files = (
				6E1F97522AD71E2B0045E479 /* StoicQuotesTests.swift in Sources */,
			);
			runOnlyForDeploymentPostprocessing = 0;
		};
		6E1F97532AD71E2B0045E479 /* Sources */ = {
			isa = PBXSourcesBuildPhase;
			buildActionMask = 2147483647;
			files = (
				6E1F975E2AD71E2B0045E479 /* StoicQuotesUITestsLaunchTests.swift in Sources */,
				6E1F975C2AD71E2B0045E479 /* StoicQuotesUITests.swift in Sources */,
			);
			runOnlyForDeploymentPostprocessing = 0;
		};
/* End PBXSourcesBuildPhase section */

/* Begin PBXTargetDependency section */
		6E1F974F2AD71E2B0045E479 /* PBXTargetDependency */ = {
			isa = PBXTargetDependency;
			target = 6E1F973C2AD71E260045E479 /* StoicQuotes */;
			targetProxy = 6E1F974E2AD71E2B0045E479 /* PBXContainerItemProxy */;
		};
		6E1F97592AD71E2B0045E479 /* PBXTargetDependency */ = {
			isa = PBXTargetDependency;
			target = 6E1F973C2AD71E260045E479 /* StoicQuotes */;
			targetProxy = 6E1F97582AD71E2B0045E479 /* PBXContainerItemProxy */;
		};
/* End PBXTargetDependency section */

/* Begin XCBuildConfiguration section */
		6E1F975F2AD71E2B0045E479 /* Debug */ = {
			isa = XCBuildConfiguration;
			buildSettings = {
				ALWAYS_SEARCH_USER_PATHS = NO;
				ASSETCATALOG_COMPILER_GENERATE_SWIFT_ASSET_SYMBOL_EXTENSIONS = YES;
				CLANG_ANALYZER_NONNULL = YES;
				CLANG_ANALYZER_NUMBER_OBJECT_CONVERSION = YES_AGGRESSIVE;
				CLANG_CXX_LANGUAGE_STANDARD = "gnu++20";
				CLANG_ENABLE_MODULES = YES;
				CLANG_ENABLE_OBJC_ARC = YES;
				CLANG_ENABLE_OBJC_WEAK = YES;
				CLANG_WARN_BLOCK_CAPTURE_AUTORELEASING = YES;
				CLANG_WARN_BOOL_CONVERSION = YES;
				CLANG_WARN_COMMA = YES;
				CLANG_WARN_CONSTANT_CONVERSION = YES;
				CLANG_WARN_DEPRECATED_OBJC_IMPLEMENTATIONS = YES;
				CLANG_WARN_DIRECT_OBJC_ISA_USAGE = YES_ERROR;
				CLANG_WARN_DOCUMENTATION_COMMENTS = YES;
				CLANG_WARN_EMPTY_BODY = YES;
				CLANG_WARN_ENUM_CONVERSION = YES;
				CLANG_WARN_INFINITE_RECURSION = YES;
				CLANG_WARN_INT_CONVERSION = YES;
				CLANG_WARN_NON_LITERAL_NULL_CONVERSION = YES;
				CLANG_WARN_OBJC_IMPLICIT_RETAIN_SELF = YES;
				CLANG_WARN_OBJC_LITERAL_CONVERSION = YES;
				CLANG_WARN_OBJC_ROOT_CLASS = YES_ERROR;
				CLANG_WARN_QUOTED_INCLUDE_IN_FRAMEWORK_HEADER = YES;
				CLANG_WARN_RANGE_LOOP_ANALYSIS = YES;
				CLANG_WARN_STRICT_PROTOTYPES = YES;
				CLANG_WARN_SUSPICIOUS_MOVE = YES;
				CLANG_WARN_UNGUARDED_AVAILABILITY = YES_AGGRESSIVE;
				CLANG_WARN_UNREACHABLE_CODE = YES;
				CLANG_WARN__DUPLICATE_METHOD_MATCH = YES;
				COPY_PHASE_STRIP = NO;
				DEBUG_INFORMATION_FORMAT = dwarf;
				ENABLE_STRICT_OBJC_MSGSEND = YES;
				ENABLE_TESTABILITY = YES;
				ENABLE_USER_SCRIPT_SANDBOXING = YES;
				GCC_C_LANGUAGE_STANDARD = gnu17;
				GCC_DYNAMIC_NO_PIC = NO;
				GCC_NO_COMMON_BLOCKS = YES;
				GCC_OPTIMIZATION_LEVEL = 0;
				GCC_PREPROCESSOR_DEFINITIONS = (
					"DEBUG=1",
					"$(inherited)",
				);
				GCC_WARN_64_TO_32_BIT_CONVERSION = YES;
				GCC_WARN_ABOUT_RETURN_TYPE = YES_ERROR;
				GCC_WARN_UNDECLARED_SELECTOR = YES;
				GCC_WARN_UNINITIALIZED_AUTOS = YES_AGGRESSIVE;
				GCC_WARN_UNUSED_FUNCTION = YES;
				GCC_WARN_UNUSED_VARIABLE = YES;
				IPHONEOS_DEPLOYMENT_TARGET = 17.0;
				LOCALIZATION_PREFERS_STRING_CATALOGS = YES;
				MTL_ENABLE_DEBUG_INFO = INCLUDE_SOURCE;
				MTL_FAST_MATH = YES;
				ONLY_ACTIVE_ARCH = YES;
				SDKROOT = iphoneos;
				SWIFT_ACTIVE_COMPILATION_CONDITIONS = "DEBUG $(inherited)";
				SWIFT_OPTIMIZATION_LEVEL = "-Onone";
			};
			name = Debug;
		};
		6E1F97602AD71E2B0045E479 /* Release */ = {
			isa = XCBuildConfiguration;
			buildSettings = {
				ALWAYS_SEARCH_USER_PATHS = NO;
				ASSETCATALOG_COMPILER_GENERATE_SWIFT_ASSET_SYMBOL_EXTENSIONS = YES;
				CLANG_ANALYZER_NONNULL = YES;
				CLANG_ANALYZER_NUMBER_OBJECT_CONVERSION = YES_AGGRESSIVE;
				CLANG_CXX_LANGUAGE_STANDARD = "gnu++20";
				CLANG_ENABLE_MODULES = YES;
				CLANG_ENABLE_OBJC_ARC = YES;
				CLANG_ENABLE_OBJC_WEAK = YES;
				CLANG_WARN_BLOCK_CAPTURE_AUTORELEASING = YES;
				CLANG_WARN_BOOL_CONVERSION = YES;
				CLANG_WARN_COMMA = YES;
				CLANG_WARN_CONSTANT_CONVERSION = YES;
				CLANG_WARN_DEPRECATED_OBJC_IMPLEMENTATIONS = YES;
				CLANG_WARN_DIRECT_OBJC_ISA_USAGE = YES_ERROR;
				CLANG_WARN_DOCUMENTATION_COMMENTS = YES;
				CLANG_WARN_EMPTY_BODY = YES;
				CLANG_WARN_ENUM_CONVERSION = YES;
				CLANG_WARN_INFINITE_RECURSION = YES;
				CLANG_WARN_INT_CONVERSION = YES;
				CLANG_WARN_NON_LITERAL_NULL_CONVERSION = YES;
				CLANG_WARN_OBJC_IMPLICIT_RETAIN_SELF = YES;
				CLANG_WARN_OBJC_LITERAL_CONVERSION = YES;
				CLANG_WARN_OBJC_ROOT_CLASS = YES_ERROR;
				CLANG_WARN_QUOTED_INCLUDE_IN_FRAMEWORK_HEADER = YES;
				CLANG_WARN_RANGE_LOOP_ANALYSIS = YES;
				CLANG_WARN_STRICT_PROTOTYPES = YES;
				CLANG_WARN_SUSPICIOUS_MOVE = YES;
				CLANG_WARN_UNGUARDED_AVAILABILITY = YES_AGGRESSIVE;
				CLANG_WARN_UNREACHABLE_CODE = YES;
				CLANG_WARN__DUPLICATE_METHOD_MATCH = YES;
				COPY_PHASE_STRIP = NO;
				DEBUG_INFORMATION_FORMAT = "dwarf-with-dsym";
				ENABLE_NS_ASSERTIONS = NO;
				ENABLE_STRICT_OBJC_MSGSEND = YES;
				ENABLE_USER_SCRIPT_SANDBOXING = YES;
				GCC_C_LANGUAGE_STANDARD = gnu17;
				GCC_NO_COMMON_BLOCKS = YES;
				GCC_WARN_64_TO_32_BIT_CONVERSION = YES;
				GCC_WARN_ABOUT_RETURN_TYPE = YES_ERROR;
				GCC_WARN_UNDECLARED_SELECTOR = YES;
				GCC_WARN_UNINITIALIZED_AUTOS = YES_AGGRESSIVE;
				GCC_WARN_UNUSED_FUNCTION = YES;
				GCC_WARN_UNUSED_VARIABLE = YES;
				IPHONEOS_DEPLOYMENT_TARGET = 17.0;
				LOCALIZATION_PREFERS_STRING_CATALOGS = YES;
				MTL_ENABLE_DEBUG_INFO = NO;
				MTL_FAST_MATH = YES;
				SDKROOT = iphoneos;
				SWIFT_COMPILATION_MODE = wholemodule;
				VALIDATE_PRODUCT = YES;
			};
			name = Release;
		};
		6E1F97622AD71E2B0045E479 /* Debug */ = {
			isa = XCBuildConfiguration;
			buildSettings = {
				ASSETCATALOG_COMPILER_APPICON_NAME = AppIcon;
				ASSETCATALOG_COMPILER_GLOBAL_ACCENT_COLOR_NAME = AccentColor;
				CODE_SIGN_STYLE = Automatic;
				CURRENT_PROJECT_VERSION = 1;
				DEVELOPMENT_ASSET_PATHS = "\"StoicQuotes/Preview Content\"";
				DEVELOPMENT_TEAM = XU67MRXF9S;
				ENABLE_PREVIEWS = YES;
				GENERATE_INFOPLIST_FILE = YES;
				INFOPLIST_FILE = StoicQuotes/Info.plist;
				INFOPLIST_KEY_UIApplicationSceneManifest_Generation = YES;
				INFOPLIST_KEY_UIApplicationSupportsIndirectInputEvents = YES;
				INFOPLIST_KEY_UILaunchScreen_Generation = YES;
				INFOPLIST_KEY_UISupportedInterfaceOrientations_iPad = "UIInterfaceOrientationPortrait UIInterfaceOrientationPortraitUpsideDown UIInterfaceOrientationLandscapeLeft UIInterfaceOrientationLandscapeRight";
				INFOPLIST_KEY_UISupportedInterfaceOrientations_iPhone = "UIInterfaceOrientationPortrait UIInterfaceOrientationLandscapeLeft UIInterfaceOrientationLandscapeRight";
				IPHONEOS_DEPLOYMENT_TARGET = 17.0;
				LD_RUNPATH_SEARCH_PATHS = (
					"$(inherited)",
					"@executable_path/Frameworks",
				);
				MARKETING_VERSION = 1.0;
				PRODUCT_BUNDLE_IDENTIFIER = private.StoicQuotes;
				PRODUCT_NAME = "$(TARGET_NAME)";
				SWIFT_EMIT_LOC_STRINGS = YES;
				SWIFT_VERSION = 5.0;
				TARGETED_DEVICE_FAMILY = "1,2";
			};
			name = Debug;
		};
		6E1F97632AD71E2B0045E479 /* Release */ = {
			isa = XCBuildConfiguration;
			buildSettings = {
				ASSETCATALOG_COMPILER_APPICON_NAME = AppIcon;
				ASSETCATALOG_COMPILER_GLOBAL_ACCENT_COLOR_NAME = AccentColor;
				CODE_SIGN_STYLE = Automatic;
				CURRENT_PROJECT_VERSION = 1;
				DEVELOPMENT_ASSET_PATHS = "\"StoicQuotes/Preview Content\"";
				DEVELOPMENT_TEAM = XU67MRXF9S;
				ENABLE_PREVIEWS = YES;
				GENERATE_INFOPLIST_FILE = YES;
				INFOPLIST_FILE = StoicQuotes/Info.plist;
				INFOPLIST_KEY_UIApplicationSceneManifest_Generation = YES;
				INFOPLIST_KEY_UIApplicationSupportsIndirectInputEvents = YES;
				INFOPLIST_KEY_UILaunchScreen_Generation = YES;
				INFOPLIST_KEY_UISupportedInterfaceOrientations_iPad = "UIInterfaceOrientationPortrait UIInterfaceOrientationPortraitUpsideDown UIInterfaceOrientationLandscapeLeft UIInterfaceOrientationLandscapeRight";
				INFOPLIST_KEY_UISupportedInterfaceOrientations_iPhone = "UIInterfaceOrientationPortrait UIInterfaceOrientationLandscapeLeft UIInterfaceOrientationLandscapeRight";
				IPHONEOS_DEPLOYMENT_TARGET = 17.0;
				LD_RUNPATH_SEARCH_PATHS = (
					"$(inherited)",
					"@executable_path/Frameworks",
				);
				MARKETING_VERSION = 1.0;
				PRODUCT_BUNDLE_IDENTIFIER = private.StoicQuotes;
				PRODUCT_NAME = "$(TARGET_NAME)";
				SWIFT_EMIT_LOC_STRINGS = YES;
				SWIFT_VERSION = 5.0;
				TARGETED_DEVICE_FAMILY = "1,2";
			};
			name = Release;
		};
		6E1F97652AD71E2B0045E479 /* Debug */ = {
			isa = XCBuildConfiguration;
			buildSettings = {
				ALWAYS_EMBED_SWIFT_STANDARD_LIBRARIES = YES;
				BUNDLE_LOADER = "$(TEST_HOST)";
				CODE_SIGN_STYLE = Automatic;
				CURRENT_PROJECT_VERSION = 1;
				DEVELOPMENT_TEAM = XU67MRXF9S;
				GENERATE_INFOPLIST_FILE = YES;
				IPHONEOS_DEPLOYMENT_TARGET = 17.0;
				MARKETING_VERSION = 1.0;
				PRODUCT_BUNDLE_IDENTIFIER = private.StoicQuotesTests;
				PRODUCT_NAME = "$(TARGET_NAME)";
				SWIFT_EMIT_LOC_STRINGS = NO;
				SWIFT_VERSION = 5.0;
				TARGETED_DEVICE_FAMILY = "1,2";
				TEST_HOST = "$(BUILT_PRODUCTS_DIR)/StoicQuotes.app/$(BUNDLE_EXECUTABLE_FOLDER_PATH)/StoicQuotes";
			};
			name = Debug;
		};
		6E1F97662AD71E2B0045E479 /* Release */ = {
			isa = XCBuildConfiguration;
			buildSettings = {
				ALWAYS_EMBED_SWIFT_STANDARD_LIBRARIES = YES;
				BUNDLE_LOADER = "$(TEST_HOST)";
				CODE_SIGN_STYLE = Automatic;
				CURRENT_PROJECT_VERSION = 1;
				DEVELOPMENT_TEAM = XU67MRXF9S;
				GENERATE_INFOPLIST_FILE = YES;
				IPHONEOS_DEPLOYMENT_TARGET = 17.0;
				MARKETING_VERSION = 1.0;
				PRODUCT_BUNDLE_IDENTIFIER = private.StoicQuotesTests;
				PRODUCT_NAME = "$(TARGET_NAME)";
				SWIFT_EMIT_LOC_STRINGS = NO;
				SWIFT_VERSION = 5.0;
				TARGETED_DEVICE_FAMILY = "1,2";
				TEST_HOST = "$(BUILT_PRODUCTS_DIR)/StoicQuotes.app/$(BUNDLE_EXECUTABLE_FOLDER_PATH)/StoicQuotes";
			};
			name = Release;
		};
		6E1F97682AD71E2B0045E479 /* Debug */ = {
			isa = XCBuildConfiguration;
			buildSettings = {
				ALWAYS_EMBED_SWIFT_STANDARD_LIBRARIES = YES;
				CODE_SIGN_STYLE = Automatic;
				CURRENT_PROJECT_VERSION = 1;
				DEVELOPMENT_TEAM = XU67MRXF9S;
				GENERATE_INFOPLIST_FILE = YES;
				MARKETING_VERSION = 1.0;
				PRODUCT_BUNDLE_IDENTIFIER = private.StoicQuotesUITests;
				PRODUCT_NAME = "$(TARGET_NAME)";
				SWIFT_EMIT_LOC_STRINGS = NO;
				SWIFT_VERSION = 5.0;
				TARGETED_DEVICE_FAMILY = "1,2";
				TEST_TARGET_NAME = StoicQuotes;
			};
			name = Debug;
		};
		6E1F97692AD71E2B0045E479 /* Release */ = {
			isa = XCBuildConfiguration;
			buildSettings = {
				ALWAYS_EMBED_SWIFT_STANDARD_LIBRARIES = YES;
				CODE_SIGN_STYLE = Automatic;
				CURRENT_PROJECT_VERSION = 1;
				DEVELOPMENT_TEAM = XU67MRXF9S;
				GENERATE_INFOPLIST_FILE = YES;
				MARKETING_VERSION = 1.0;
				PRODUCT_BUNDLE_IDENTIFIER = private.StoicQuotesUITests;
				PRODUCT_NAME = "$(TARGET_NAME)";
				SWIFT_EMIT_LOC_STRINGS = NO;
				SWIFT_VERSION = 5.0;
				TARGETED_DEVICE_FAMILY = "1,2";
				TEST_TARGET_NAME = StoicQuotes;
			};
			name = Release;
		};
/* End XCBuildConfiguration section */

/* Begin XCConfigurationList section */
		6E1F97382AD71E260045E479 /* Build configuration list for PBXProject "StoicQuotes" */ = {
			isa = XCConfigurationList;
			buildConfigurations = (
				6E1F975F2AD71E2B0045E479 /* Debug */,
				6E1F97602AD71E2B0045E479 /* Release */,
			);
			defaultConfigurationIsVisible = 0;
			defaultConfigurationName = Release;
		};
		6E1F97612AD71E2B0045E479 /* Build configuration list for PBXNativeTarget "StoicQuotes" */ = {
			isa = XCConfigurationList;
			buildConfigurations = (
				6E1F97622AD71E2B0045E479 /* Debug */,
				6E1F97632AD71E2B0045E479 /* Release */,
			);
			defaultConfigurationIsVisible = 0;
			defaultConfigurationName = Release;
		};
		6E1F97642AD71E2B0045E479 /* Build configuration list for PBXNativeTarget "StoicQuotesTests" */ = {
			isa = XCConfigurationList;
			buildConfigurations = (
				6E1F97652AD71E2B0045E479 /* Debug */,
				6E1F97662AD71E2B0045E479 /* Release */,
			);
			defaultConfigurationIsVisible = 0;
			defaultConfigurationName = Release;
		};
		6E1F97672AD71E2B0045E479 /* Build configuration list for PBXNativeTarget "StoicQuotesUITests" */ = {
			isa = XCConfigurationList;
			buildConfigurations = (
				6E1F97682AD71E2B0045E479 /* Debug */,
				6E1F97692AD71E2B0045E479 /* Release */,
			);
			defaultConfigurationIsVisible = 0;
			defaultConfigurationName = Release;
		};
/* End XCConfigurationList section */
	};
	rootObject = 6E1F97352AD71E260045E479 /* Project object */;
}
